// !$*UTF8*$!
{
	archiveVersion = 1;
	classes = {
	};
	objectVersion = 46;
	objects = {

/* Begin PBXBuildFile section */
		37078477164C7C2600668610 /* INAppStoreWindow.m in Sources */ = {isa = PBXBuildFile; fileRef = 3707844D164C7C2600668610 /* INAppStoreWindow.m */; };
		37454AAE1648F8ED009FFCBB /* PSCWindowController.m in Sources */ = {isa = PBXBuildFile; fileRef = 37454AAD1648F8ED009FFCBB /* PSCWindowController.m */; };
		375154E3164DBEB3004E4406 /* PSCTableRowView.m in Sources */ = {isa = PBXBuildFile; fileRef = 375154E2164DBEB3004E4406 /* PSCTableRowView.m */; };
		3756B2CC16436EC100492E20 /* Cocoa.framework in Frameworks */ = {isa = PBXBuildFile; fileRef = 3756B2CB16436EC100492E20 /* Cocoa.framework */; };
		3756B2D616436EC100492E20 /* InfoPlist.strings in Resources */ = {isa = PBXBuildFile; fileRef = 3756B2D416436EC100492E20 /* InfoPlist.strings */; };
		3756B2D816436EC100492E20 /* main.m in Sources */ = {isa = PBXBuildFile; fileRef = 3756B2D716436EC100492E20 /* main.m */; };
		3756B2DC16436EC100492E20 /* Credits.rtf in Resources */ = {isa = PBXBuildFile; fileRef = 3756B2DA16436EC100492E20 /* Credits.rtf */; };
		3756B2DF16436EC100492E20 /* PSCAppDelegate.m in Sources */ = {isa = PBXBuildFile; fileRef = 3756B2DE16436EC100492E20 /* PSCAppDelegate.m */; };
		3756B2E216436EC100492E20 /* MainMenu.xib in Resources */ = {isa = PBXBuildFile; fileRef = 3756B2E016436EC100492E20 /* MainMenu.xib */; };
		3756B2EA16436EC100492E20 /* SenTestingKit.framework in Frameworks */ = {isa = PBXBuildFile; fileRef = 3756B2E916436EC100492E20 /* SenTestingKit.framework */; };
		3756B2EB16436EC100492E20 /* Cocoa.framework in Frameworks */ = {isa = PBXBuildFile; fileRef = 3756B2CB16436EC100492E20 /* Cocoa.framework */; };
		3756B2F316436EC100492E20 /* InfoPlist.strings in Resources */ = {isa = PBXBuildFile; fileRef = 3756B2F116436EC100492E20 /* InfoPlist.strings */; };
		3756B2F616436EC100492E20 /* YouTubeTests.m in Sources */ = {isa = PBXBuildFile; fileRef = 3756B2F516436EC100492E20 /* YouTubeTests.m */; };
		3756B30416436FEF00492E20 /* 1.jpg.png in Resources */ = {isa = PBXBuildFile; fileRef = 3756B30316436FEF00492E20 /* 1.jpg.png */; };
		3756B307164372A500492E20 /* mqdefault.jpg in Resources */ = {isa = PBXBuildFile; fileRef = 3756B306164372A500492E20 /* mqdefault.jpg */; };
		3756B66C1643A3A300492E20 /* RXMLElement.m in Sources */ = {isa = PBXBuildFile; fileRef = 3756B66B1643A3A300492E20 /* RXMLElement.m */; };
		3756B66E1643A3CE00492E20 /* libxml2.dylib in Frameworks */ = {isa = PBXBuildFile; fileRef = 3756B66D1643A3CE00492E20 /* libxml2.dylib */; };
		3756B6711643A40100492E20 /* PSCYouTubeChannel.m in Sources */ = {isa = PBXBuildFile; fileRef = 3756B6701643A40100492E20 /* PSCYouTubeChannel.m */; };
		3756B6751643A63B00492E20 /* PSCYouTubeSession.m in Sources */ = {isa = PBXBuildFile; fileRef = 3756B6741643A63B00492E20 /* PSCYouTubeSession.m */; };
		3756B6921643AE4900492E20 /* PSCYouTubeChannelDataSource.m in Sources */ = {isa = PBXBuildFile; fileRef = 3756B6911643AE4900492E20 /* PSCYouTubeChannelDataSource.m */; };
		3756B6961643CCE100492E20 /* PSCYouTubeAuthenticator.m in Sources */ = {isa = PBXBuildFile; fileRef = 3756B6951643CCE000492E20 /* PSCYouTubeAuthenticator.m */; };
		3756B69F1643D20200492E20 /* HTTPServer.m in Sources */ = {isa = PBXBuildFile; fileRef = 3756B69C1643D20100492E20 /* HTTPServer.m */; settings = {COMPILER_FLAGS = "-fno-objc-arc"; }; };
		3756B6A01643D20200492E20 /* HTTPResponseHandler.m in Sources */ = {isa = PBXBuildFile; fileRef = 3756B69E1643D20200492E20 /* HTTPResponseHandler.m */; settings = {COMPILER_FLAGS = "-fno-objc-arc"; }; };
		3756B6A51643D30C00492E20 /* PSCYouTubeTokenResponse.m in Sources */ = {isa = PBXBuildFile; fileRef = 3756B6A41643D30C00492E20 /* PSCYouTubeTokenResponse.m */; };
		37742CDD164B710B00272C4A /* KGNoise.m in Sources */ = {isa = PBXBuildFile; fileRef = 37742CDC164B710B00272C4A /* KGNoise.m */; };
		37742CEB164B814A00272C4A /* PSCTransparentTableView.m in Sources */ = {isa = PBXBuildFile; fileRef = 37742CE9164B814A00272C4A /* PSCTransparentTableView.m */; };
		37742CF4164B899700272C4A /* NSColor+Hex.m in Sources */ = {isa = PBXBuildFile; fileRef = 37742CF3164B899700272C4A /* NSColor+Hex.m */; };
		377DD123164F8F22004B6916 /* NSDateTimeAgo.strings in Resources */ = {isa = PBXBuildFile; fileRef = 377DD11B164F8F22004B6916 /* NSDateTimeAgo.strings */; };
		377DD124164F8F22004B6916 /* NSDate+TimeAgo.m in Sources */ = {isa = PBXBuildFile; fileRef = 377DD121164F8F22004B6916 /* NSDate+TimeAgo.m */; };
		37EFAA8A1647B17700E322D0 /* PSCYouTubeVideoDataSource.m in Sources */ = {isa = PBXBuildFile; fileRef = 37EFAA891647B17600E322D0 /* PSCYouTubeVideoDataSource.m */; };
		37EFAA8E1647B1A400E322D0 /* PSCYouTubeVideo.m in Sources */ = {isa = PBXBuildFile; fileRef = 37EFAA8D1647B1A400E322D0 /* PSCYouTubeVideo.m */; };
		37EFAA951647BFDD00E322D0 /* PSCYouTubeVideoCellView.m in Sources */ = {isa = PBXBuildFile; fileRef = 37EFAA941647BFDC00E322D0 /* PSCYouTubeVideoCellView.m */; };
		37EFAA971647C88E00E322D0 /* WebKit.framework in Frameworks */ = {isa = PBXBuildFile; fileRef = 37EFAA961647C88E00E322D0 /* WebKit.framework */; };
		70124B71164CBCE60006CEE2 /* togglereverse.png in Resources */ = {isa = PBXBuildFile; fileRef = 70124B6F164CBCE60006CEE2 /* togglereverse.png */; };
		70124B72164CBCE60006CEE2 /* togglereverse@2x.png in Resources */ = {isa = PBXBuildFile; fileRef = 70124B70164CBCE60006CEE2 /* togglereverse@2x.png */; };
		7059A9A1164DD3D50082402B /* sidebarhighlight@2x.png in Resources */ = {isa = PBXBuildFile; fileRef = 7059A99F164DD3D50082402B /* sidebarhighlight@2x.png */; };
		7059A9A2164DD3D50082402B /* sidebarhighlight.png in Resources */ = {isa = PBXBuildFile; fileRef = 7059A9A0164DD3D50082402B /* sidebarhighlight.png */; };
		706B2E6D164E19E4008F584F /* watchlater@2x.png in Resources */ = {isa = PBXBuildFile; fileRef = 706B2E6B164E19E4008F584F /* watchlater@2x.png */; };
		706B2E6E164E19E4008F584F /* watchlater.png in Resources */ = {isa = PBXBuildFile; fileRef = 706B2E6C164E19E4008F584F /* watchlater.png */; };
		706B2E86164E3CEF008F584F /* mostpopular.png in Resources */ = {isa = PBXBuildFile; fileRef = 706B2E84164E3CED008F584F /* mostpopular.png */; };
		706B2E87164E3CEF008F584F /* mostpopular@2x.png in Resources */ = {isa = PBXBuildFile; fileRef = 706B2E85164E3CEE008F584F /* mostpopular@2x.png */; };
		709819FC1654414500E63C16 /* stupidline@2x.png in Resources */ = {isa = PBXBuildFile; fileRef = 709819FA1654414500E63C16 /* stupidline@2x.png */; };
		709819FD1654414500E63C16 /* stupidline.png in Resources */ = {isa = PBXBuildFile; fileRef = 709819FB1654414500E63C16 /* stupidline.png */; };
		709C2F63164EF2B500A9C591 /* share@2x.png in Resources */ = {isa = PBXBuildFile; fileRef = 709C2F61164EF2B500A9C591 /* share@2x.png */; };
		709C2F64164EF2B500A9C591 /* share.png in Resources */ = {isa = PBXBuildFile; fileRef = 709C2F62164EF2B500A9C591 /* share.png */; };
		709C2F67164EF48E00A9C591 /* comments@2x.png in Resources */ = {isa = PBXBuildFile; fileRef = 709C2F65164EF48E00A9C591 /* comments@2x.png */; };
		709C2F68164EF48E00A9C591 /* comments.png in Resources */ = {isa = PBXBuildFile; fileRef = 709C2F66164EF48E00A9C591 /* comments.png */; };
		709C2F6B164EF59800A9C591 /* safari.png in Resources */ = {isa = PBXBuildFile; fileRef = 709C2F69164EF59800A9C591 /* safari.png */; };
		709C2F6C164EF59800A9C591 /* safari@2x.png in Resources */ = {isa = PBXBuildFile; fileRef = 709C2F6A164EF59800A9C591 /* safari@2x.png */; };
		70CDBEF6164D9DA600939C3F /* toggle@2x.png in Resources */ = {isa = PBXBuildFile; fileRef = 70CDBEF4164D9DA600939C3F /* toggle@2x.png */; };
		70CDBEF7164D9DA600939C3F /* toggle.png in Resources */ = {isa = PBXBuildFile; fileRef = 70CDBEF5164D9DA600939C3F /* toggle.png */; };
		70CDBF02164DACE300939C3F /* search@2x.png in Resources */ = {isa = PBXBuildFile; fileRef = 70CDBF00164DACE300939C3F /* search@2x.png */; };
		70CDBF03164DACE300939C3F /* search.png in Resources */ = {isa = PBXBuildFile; fileRef = 70CDBF01164DACE300939C3F /* search.png */; };
/* End PBXBuildFile section */

/* Begin PBXContainerItemProxy section */
		3756B2EC16436EC100492E20 /* PBXContainerItemProxy */ = {
			isa = PBXContainerItemProxy;
			containerPortal = 3756B2BE16436EC100492E20 /* Project object */;
			proxyType = 1;
			remoteGlobalIDString = 3756B2C616436EC100492E20;
			remoteInfo = YouTube;
		};
/* End PBXContainerItemProxy section */

/* Begin PBXCopyFilesBuildPhase section */
		3756B3211643773000492E20 /* CopyFiles */ = {
			isa = PBXCopyFilesBuildPhase;
			buildActionMask = 2147483647;
			dstPath = "";
			dstSubfolderSpec = 10;
			files = (
			);
			runOnlyForDeploymentPostprocessing = 0;
		};
/* End PBXCopyFilesBuildPhase section */

/* Begin PBXFileReference section */
		3707844C164C7C2600668610 /* INAppStoreWindow.h */ = {isa = PBXFileReference; fileEncoding = 4; lastKnownFileType = sourcecode.c.h; path = INAppStoreWindow.h; sourceTree = "<group>"; };
		3707844D164C7C2600668610 /* INAppStoreWindow.m */ = {isa = PBXFileReference; fileEncoding = 4; lastKnownFileType = sourcecode.c.objc; path = INAppStoreWindow.m; sourceTree = "<group>"; };
		37454AAC1648F8ED009FFCBB /* PSCWindowController.h */ = {isa = PBXFileReference; fileEncoding = 4; lastKnownFileType = sourcecode.c.h; path = PSCWindowController.h; sourceTree = "<group>"; };
		37454AAD1648F8ED009FFCBB /* PSCWindowController.m */ = {isa = PBXFileReference; fileEncoding = 4; lastKnownFileType = sourcecode.c.objc; path = PSCWindowController.m; sourceTree = "<group>"; };
		375154E1164DBEB3004E4406 /* PSCTableRowView.h */ = {isa = PBXFileReference; fileEncoding = 4; lastKnownFileType = sourcecode.c.h; path = PSCTableRowView.h; sourceTree = "<group>"; };
		375154E2164DBEB3004E4406 /* PSCTableRowView.m */ = {isa = PBXFileReference; fileEncoding = 4; lastKnownFileType = sourcecode.c.objc; path = PSCTableRowView.m; sourceTree = "<group>"; };
		3756B2C716436EC100492E20 /* YouTube.app */ = {isa = PBXFileReference; explicitFileType = wrapper.application; includeInIndex = 0; path = YouTube.app; sourceTree = BUILT_PRODUCTS_DIR; };
		3756B2CB16436EC100492E20 /* Cocoa.framework */ = {isa = PBXFileReference; lastKnownFileType = wrapper.framework; name = Cocoa.framework; path = System/Library/Frameworks/Cocoa.framework; sourceTree = SDKROOT; };
		3756B2CE16436EC100492E20 /* AppKit.framework */ = {isa = PBXFileReference; lastKnownFileType = wrapper.framework; name = AppKit.framework; path = System/Library/Frameworks/AppKit.framework; sourceTree = SDKROOT; };
		3756B2CF16436EC100492E20 /* CoreData.framework */ = {isa = PBXFileReference; lastKnownFileType = wrapper.framework; name = CoreData.framework; path = System/Library/Frameworks/CoreData.framework; sourceTree = SDKROOT; };
		3756B2D016436EC100492E20 /* Foundation.framework */ = {isa = PBXFileReference; lastKnownFileType = wrapper.framework; name = Foundation.framework; path = System/Library/Frameworks/Foundation.framework; sourceTree = SDKROOT; };
		3756B2D316436EC100492E20 /* YouTube-Info.plist */ = {isa = PBXFileReference; lastKnownFileType = text.plist.xml; path = "YouTube-Info.plist"; sourceTree = "<group>"; };
		3756B2D516436EC100492E20 /* en */ = {isa = PBXFileReference; lastKnownFileType = text.plist.strings; name = en; path = en.lproj/InfoPlist.strings; sourceTree = "<group>"; };
		3756B2D716436EC100492E20 /* main.m */ = {isa = PBXFileReference; lastKnownFileType = sourcecode.c.objc; path = main.m; sourceTree = "<group>"; };
		3756B2D916436EC100492E20 /* YouTube-Prefix.pch */ = {isa = PBXFileReference; lastKnownFileType = sourcecode.c.h; path = "YouTube-Prefix.pch"; sourceTree = "<group>"; };
		3756B2DB16436EC100492E20 /* en */ = {isa = PBXFileReference; lastKnownFileType = text.rtf; name = en; path = en.lproj/Credits.rtf; sourceTree = "<group>"; };
		3756B2DD16436EC100492E20 /* PSCAppDelegate.h */ = {isa = PBXFileReference; lastKnownFileType = sourcecode.c.h; path = PSCAppDelegate.h; sourceTree = "<group>"; };
		3756B2DE16436EC100492E20 /* PSCAppDelegate.m */ = {isa = PBXFileReference; lastKnownFileType = sourcecode.c.objc; path = PSCAppDelegate.m; sourceTree = "<group>"; };
		3756B2E116436EC100492E20 /* en */ = {isa = PBXFileReference; lastKnownFileType = file.xib; name = en; path = en.lproj/MainMenu.xib; sourceTree = "<group>"; };
		3756B2E816436EC100492E20 /* YouTubeTests.octest */ = {isa = PBXFileReference; explicitFileType = wrapper.cfbundle; includeInIndex = 0; path = YouTubeTests.octest; sourceTree = BUILT_PRODUCTS_DIR; };
		3756B2E916436EC100492E20 /* SenTestingKit.framework */ = {isa = PBXFileReference; lastKnownFileType = wrapper.framework; name = SenTestingKit.framework; path = Library/Frameworks/SenTestingKit.framework; sourceTree = DEVELOPER_DIR; };
		3756B2F016436EC100492E20 /* YouTubeTests-Info.plist */ = {isa = PBXFileReference; lastKnownFileType = text.plist.xml; path = "YouTubeTests-Info.plist"; sourceTree = "<group>"; };
		3756B2F216436EC100492E20 /* en */ = {isa = PBXFileReference; lastKnownFileType = text.plist.strings; name = en; path = en.lproj/InfoPlist.strings; sourceTree = "<group>"; };
		3756B2F416436EC100492E20 /* YouTubeTests.h */ = {isa = PBXFileReference; lastKnownFileType = sourcecode.c.h; path = YouTubeTests.h; sourceTree = "<group>"; };
		3756B2F516436EC100492E20 /* YouTubeTests.m */ = {isa = PBXFileReference; lastKnownFileType = sourcecode.c.objc; path = YouTubeTests.m; sourceTree = "<group>"; };
		3756B30316436FEF00492E20 /* 1.jpg.png */ = {isa = PBXFileReference; lastKnownFileType = image.png; path = 1.jpg.png; sourceTree = "<group>"; };
		3756B306164372A500492E20 /* mqdefault.jpg */ = {isa = PBXFileReference; lastKnownFileType = image.jpeg; path = mqdefault.jpg; sourceTree = "<group>"; };
		3756B66A1643A3A300492E20 /* RXMLElement.h */ = {isa = PBXFileReference; fileEncoding = 4; lastKnownFileType = sourcecode.c.h; path = RXMLElement.h; sourceTree = "<group>"; };
		3756B66B1643A3A300492E20 /* RXMLElement.m */ = {isa = PBXFileReference; fileEncoding = 4; lastKnownFileType = sourcecode.c.objc; path = RXMLElement.m; sourceTree = "<group>"; };
		3756B66D1643A3CE00492E20 /* libxml2.dylib */ = {isa = PBXFileReference; lastKnownFileType = "compiled.mach-o.dylib"; name = libxml2.dylib; path = usr/lib/libxml2.dylib; sourceTree = SDKROOT; };
		3756B66F1643A40100492E20 /* PSCYouTubeChannel.h */ = {isa = PBXFileReference; fileEncoding = 4; lastKnownFileType = sourcecode.c.h; path = PSCYouTubeChannel.h; sourceTree = "<group>"; };
		3756B6701643A40100492E20 /* PSCYouTubeChannel.m */ = {isa = PBXFileReference; fileEncoding = 4; lastKnownFileType = sourcecode.c.objc; path = PSCYouTubeChannel.m; sourceTree = "<group>"; };
		3756B6731643A63B00492E20 /* PSCYouTubeSession.h */ = {isa = PBXFileReference; fileEncoding = 4; lastKnownFileType = sourcecode.c.h; path = PSCYouTubeSession.h; sourceTree = "<group>"; };
		3756B6741643A63B00492E20 /* PSCYouTubeSession.m */ = {isa = PBXFileReference; fileEncoding = 4; lastKnownFileType = sourcecode.c.objc; path = PSCYouTubeSession.m; sourceTree = "<group>"; };
		3756B6901643AE4900492E20 /* PSCYouTubeChannelDataSource.h */ = {isa = PBXFileReference; fileEncoding = 4; lastKnownFileType = sourcecode.c.h; path = PSCYouTubeChannelDataSource.h; sourceTree = "<group>"; };
		3756B6911643AE4900492E20 /* PSCYouTubeChannelDataSource.m */ = {isa = PBXFileReference; fileEncoding = 4; lastKnownFileType = sourcecode.c.objc; path = PSCYouTubeChannelDataSource.m; sourceTree = "<group>"; };
		3756B6931643B12C00492E20 /* PSCYouTube.h */ = {isa = PBXFileReference; lastKnownFileType = sourcecode.c.h; path = PSCYouTube.h; sourceTree = "<group>"; };
		3756B6941643CCE000492E20 /* PSCYouTubeAuthenticator.h */ = {isa = PBXFileReference; fileEncoding = 4; lastKnownFileType = sourcecode.c.h; path = PSCYouTubeAuthenticator.h; sourceTree = "<group>"; };
		3756B6951643CCE000492E20 /* PSCYouTubeAuthenticator.m */ = {isa = PBXFileReference; fileEncoding = 4; lastKnownFileType = sourcecode.c.objc; path = PSCYouTubeAuthenticator.m; sourceTree = "<group>"; };
		3756B69B1643D20100492E20 /* HTTPServer.h */ = {isa = PBXFileReference; fileEncoding = 4; lastKnownFileType = sourcecode.c.h; path = HTTPServer.h; sourceTree = "<group>"; };
		3756B69C1643D20100492E20 /* HTTPServer.m */ = {isa = PBXFileReference; fileEncoding = 4; lastKnownFileType = sourcecode.c.objc; path = HTTPServer.m; sourceTree = "<group>"; };
		3756B69D1643D20100492E20 /* HTTPResponseHandler.h */ = {isa = PBXFileReference; fileEncoding = 4; lastKnownFileType = sourcecode.c.h; path = HTTPResponseHandler.h; sourceTree = "<group>"; };
		3756B69E1643D20200492E20 /* HTTPResponseHandler.m */ = {isa = PBXFileReference; fileEncoding = 4; lastKnownFileType = sourcecode.c.objc; path = HTTPResponseHandler.m; sourceTree = "<group>"; };
		3756B6A21643D27400492E20 /* SynthesizeSingleton.h */ = {isa = PBXFileReference; fileEncoding = 4; lastKnownFileType = sourcecode.c.h; path = SynthesizeSingleton.h; sourceTree = "<group>"; };
		3756B6A31643D30C00492E20 /* PSCYouTubeTokenResponse.h */ = {isa = PBXFileReference; fileEncoding = 4; lastKnownFileType = sourcecode.c.h; path = PSCYouTubeTokenResponse.h; sourceTree = "<group>"; };
		3756B6A41643D30C00492E20 /* PSCYouTubeTokenResponse.m */ = {isa = PBXFileReference; fileEncoding = 4; lastKnownFileType = sourcecode.c.objc; path = PSCYouTubeTokenResponse.m; sourceTree = "<group>"; };
		37742CDB164B710B00272C4A /* KGNoise.h */ = {isa = PBXFileReference; fileEncoding = 4; lastKnownFileType = sourcecode.c.h; name = KGNoise.h; path = KGNoise/KGNoise.h; sourceTree = "<group>"; };
		37742CDC164B710B00272C4A /* KGNoise.m */ = {isa = PBXFileReference; fileEncoding = 4; lastKnownFileType = sourcecode.c.objc; name = KGNoise.m; path = KGNoise/KGNoise.m; sourceTree = "<group>"; };
		37742CE8164B814A00272C4A /* PSCTransparentTableView.h */ = {isa = PBXFileReference; fileEncoding = 4; lastKnownFileType = sourcecode.c.h; path = PSCTransparentTableView.h; sourceTree = "<group>"; };
		37742CE9164B814A00272C4A /* PSCTransparentTableView.m */ = {isa = PBXFileReference; fileEncoding = 4; lastKnownFileType = sourcecode.c.objc; path = PSCTransparentTableView.m; sourceTree = "<group>"; };
		37742CF2164B899700272C4A /* NSColor+Hex.h */ = {isa = PBXFileReference; fileEncoding = 4; lastKnownFileType = sourcecode.c.h; path = "NSColor+Hex.h"; sourceTree = "<group>"; };
		37742CF3164B899700272C4A /* NSColor+Hex.m */ = {isa = PBXFileReference; fileEncoding = 4; lastKnownFileType = sourcecode.c.objc; path = "NSColor+Hex.m"; sourceTree = "<group>"; };
		377DD11C164F8F22004B6916 /* en */ = {isa = PBXFileReference; lastKnownFileType = text.plist.strings; name = en; path = en.lproj/NSDateTimeAgo.strings; sourceTree = "<group>"; };
		377DD11D164F8F22004B6916 /* es */ = {isa = PBXFileReference; lastKnownFileType = text.plist.strings; name = es; path = es.lproj/NSDateTimeAgo.strings; sourceTree = "<group>"; };
		377DD11E164F8F22004B6916 /* pt_BR */ = {isa = PBXFileReference; lastKnownFileType = text.plist.strings; name = pt_BR; path = pt_BR.lproj/NSDateTimeAgo.strings; sourceTree = "<group>"; };
		377DD11F164F8F22004B6916 /* zh_Hans */ = {isa = PBXFileReference; lastKnownFileType = text.plist.strings; name = zh_Hans; path = zh_Hans.lproj/NSDateTimeAgo.strings; sourceTree = "<group>"; };
		377DD120164F8F22004B6916 /* NSDate+TimeAgo.h */ = {isa = PBXFileReference; fileEncoding = 4; lastKnownFileType = sourcecode.c.h; path = "NSDate+TimeAgo.h"; sourceTree = "<group>"; };
		377DD121164F8F22004B6916 /* NSDate+TimeAgo.m */ = {isa = PBXFileReference; fileEncoding = 4; lastKnownFileType = sourcecode.c.objc; path = "NSDate+TimeAgo.m"; sourceTree = "<group>"; };
		37EFAA881647B17600E322D0 /* PSCYouTubeVideoDataSource.h */ = {isa = PBXFileReference; fileEncoding = 4; lastKnownFileType = sourcecode.c.h; path = PSCYouTubeVideoDataSource.h; sourceTree = "<group>"; };
		37EFAA891647B17600E322D0 /* PSCYouTubeVideoDataSource.m */ = {isa = PBXFileReference; fileEncoding = 4; lastKnownFileType = sourcecode.c.objc; path = PSCYouTubeVideoDataSource.m; sourceTree = "<group>"; };
		37EFAA8C1647B1A400E322D0 /* PSCYouTubeVideo.h */ = {isa = PBXFileReference; fileEncoding = 4; lastKnownFileType = sourcecode.c.h; path = PSCYouTubeVideo.h; sourceTree = "<group>"; };
		37EFAA8D1647B1A400E322D0 /* PSCYouTubeVideo.m */ = {isa = PBXFileReference; fileEncoding = 4; lastKnownFileType = sourcecode.c.objc; path = PSCYouTubeVideo.m; sourceTree = "<group>"; };
		37EFAA931647BFDC00E322D0 /* PSCYouTubeVideoCellView.h */ = {isa = PBXFileReference; fileEncoding = 4; lastKnownFileType = sourcecode.c.h; path = PSCYouTubeVideoCellView.h; sourceTree = "<group>"; };
		37EFAA941647BFDC00E322D0 /* PSCYouTubeVideoCellView.m */ = {isa = PBXFileReference; fileEncoding = 4; lastKnownFileType = sourcecode.c.objc; path = PSCYouTubeVideoCellView.m; sourceTree = "<group>"; };
		37EFAA961647C88E00E322D0 /* WebKit.framework */ = {isa = PBXFileReference; lastKnownFileType = wrapper.framework; name = WebKit.framework; path = System/Library/Frameworks/WebKit.framework; sourceTree = SDKROOT; };
		70124B6F164CBCE60006CEE2 /* togglereverse.png */ = {isa = PBXFileReference; lastKnownFileType = image.png; path = togglereverse.png; sourceTree = "<group>"; };
		70124B70164CBCE60006CEE2 /* togglereverse@2x.png */ = {isa = PBXFileReference; lastKnownFileType = image.png; path = "togglereverse@2x.png"; sourceTree = "<group>"; };
		7059A99F164DD3D50082402B /* sidebarhighlight@2x.png */ = {isa = PBXFileReference; lastKnownFileType = image.png; path = "sidebarhighlight@2x.png"; sourceTree = "<group>"; };
		7059A9A0164DD3D50082402B /* sidebarhighlight.png */ = {isa = PBXFileReference; lastKnownFileType = image.png; path = sidebarhighlight.png; sourceTree = "<group>"; };
		706B2E6B164E19E4008F584F /* watchlater@2x.png */ = {isa = PBXFileReference; lastKnownFileType = image.png; path = "watchlater@2x.png"; sourceTree = "<group>"; };
		706B2E6C164E19E4008F584F /* watchlater.png */ = {isa = PBXFileReference; lastKnownFileType = image.png; path = watchlater.png; sourceTree = "<group>"; };
		706B2E84164E3CED008F584F /* mostpopular.png */ = {isa = PBXFileReference; lastKnownFileType = image.png; path = mostpopular.png; sourceTree = "<group>"; };
		706B2E85164E3CEE008F584F /* mostpopular@2x.png */ = {isa = PBXFileReference; lastKnownFileType = image.png; path = "mostpopular@2x.png"; sourceTree = "<group>"; };
		709819FA1654414500E63C16 /* stupidline@2x.png */ = {isa = PBXFileReference; lastKnownFileType = image.png; path = "stupidline@2x.png"; sourceTree = "<group>"; };
		709819FB1654414500E63C16 /* stupidline.png */ = {isa = PBXFileReference; lastKnownFileType = image.png; path = stupidline.png; sourceTree = "<group>"; };
		709C2F61164EF2B500A9C591 /* share@2x.png */ = {isa = PBXFileReference; lastKnownFileType = image.png; path = "share@2x.png"; sourceTree = "<group>"; };
		709C2F62164EF2B500A9C591 /* share.png */ = {isa = PBXFileReference; lastKnownFileType = image.png; path = share.png; sourceTree = "<group>"; };
		709C2F65164EF48E00A9C591 /* comments@2x.png */ = {isa = PBXFileReference; lastKnownFileType = image.png; path = "comments@2x.png"; sourceTree = "<group>"; };
		709C2F66164EF48E00A9C591 /* comments.png */ = {isa = PBXFileReference; lastKnownFileType = image.png; path = comments.png; sourceTree = "<group>"; };
		709C2F69164EF59800A9C591 /* safari.png */ = {isa = PBXFileReference; lastKnownFileType = image.png; path = safari.png; sourceTree = "<group>"; };
		709C2F6A164EF59800A9C591 /* safari@2x.png */ = {isa = PBXFileReference; lastKnownFileType = image.png; path = "safari@2x.png"; sourceTree = "<group>"; };
		70CDBEF4164D9DA600939C3F /* toggle@2x.png */ = {isa = PBXFileReference; lastKnownFileType = image.png; path = "toggle@2x.png"; sourceTree = "<group>"; };
		70CDBEF5164D9DA600939C3F /* toggle.png */ = {isa = PBXFileReference; lastKnownFileType = image.png; path = toggle.png; sourceTree = "<group>"; };
		70CDBF00164DACE300939C3F /* search@2x.png */ = {isa = PBXFileReference; lastKnownFileType = image.png; path = "search@2x.png"; sourceTree = "<group>"; };
		70CDBF01164DACE300939C3F /* search.png */ = {isa = PBXFileReference; lastKnownFileType = image.png; path = search.png; sourceTree = "<group>"; };
/* End PBXFileReference section */

/* Begin PBXFrameworksBuildPhase section */
		3756B2C416436EC100492E20 /* Frameworks */ = {
			isa = PBXFrameworksBuildPhase;
			buildActionMask = 2147483647;
			files = (
				3756B66E1643A3CE00492E20 /* libxml2.dylib in Frameworks */,
				37EFAA971647C88E00E322D0 /* WebKit.framework in Frameworks */,
				3756B2CC16436EC100492E20 /* Cocoa.framework in Frameworks */,
			);
			runOnlyForDeploymentPostprocessing = 0;
		};
		3756B2E416436EC100492E20 /* Frameworks */ = {
			isa = PBXFrameworksBuildPhase;
			buildActionMask = 2147483647;
			files = (
				3756B2EA16436EC100492E20 /* SenTestingKit.framework in Frameworks */,
				3756B2EB16436EC100492E20 /* Cocoa.framework in Frameworks */,
			);
			runOnlyForDeploymentPostprocessing = 0;
		};
/* End PBXFrameworksBuildPhase section */

/* Begin PBXGroup section */
		3707844A164C7C2600668610 /* INAppStoreWindow */ = {
			isa = PBXGroup;
			children = (
				3707844C164C7C2600668610 /* INAppStoreWindow.h */,
				3707844D164C7C2600668610 /* INAppStoreWindow.m */,
			);
			path = INAppStoreWindow;
			sourceTree = "<group>";
		};
		3756B2BC16436EC100492E20 = {
			isa = PBXGroup;
			children = (
				3756B2D116436EC100492E20 /* YouTube */,
				3756B2EE16436EC100492E20 /* YouTubeTests */,
				3756B2CA16436EC100492E20 /* Frameworks */,
				3756B2C816436EC100492E20 /* Products */,
			);
			sourceTree = "<group>";
		};
		3756B2C816436EC100492E20 /* Products */ = {
			isa = PBXGroup;
			children = (
				3756B2C716436EC100492E20 /* YouTube.app */,
				3756B2E816436EC100492E20 /* YouTubeTests.octest */,
			);
			name = Products;
			sourceTree = "<group>";
		};
		3756B2CA16436EC100492E20 /* Frameworks */ = {
			isa = PBXGroup;
			children = (
				3756B66D1643A3CE00492E20 /* libxml2.dylib */,
				37EFAA961647C88E00E322D0 /* WebKit.framework */,
				3756B2CB16436EC100492E20 /* Cocoa.framework */,
				3756B2E916436EC100492E20 /* SenTestingKit.framework */,
				3756B2CD16436EC100492E20 /* Other Frameworks */,
			);
			name = Frameworks;
			sourceTree = "<group>";
		};
		3756B2CD16436EC100492E20 /* Other Frameworks */ = {
			isa = PBXGroup;
			children = (
				3756B2CE16436EC100492E20 /* AppKit.framework */,
				3756B2CF16436EC100492E20 /* CoreData.framework */,
				3756B2D016436EC100492E20 /* Foundation.framework */,
			);
			name = "Other Frameworks";
			sourceTree = "<group>";
		};
		3756B2D116436EC100492E20 /* YouTube */ = {
			isa = PBXGroup;
			children = (
				3756B2DD16436EC100492E20 /* PSCAppDelegate.h */,
				3756B2DE16436EC100492E20 /* PSCAppDelegate.m */,
				37454AAC1648F8ED009FFCBB /* PSCWindowController.h */,
				37454AAD1648F8ED009FFCBB /* PSCWindowController.m */,
				37AF36F6164E256600548814 /* Data Sources */,
				37742CF5164B8A6700272C4A /* Categories */,
				37742CEC164B819000272C4A /* Subclasses */,
				3756B6721643A5FC00492E20 /* YouTube */,
				3707844A164C7C2600668610 /* INAppStoreWindow */,
				37742CDF164B710E00272C4A /* KGNoise */,
				3756B2D216436EC100492E20 /* Supporting Files */,
			);
			path = YouTube;
			sourceTree = "<group>";
		};
		3756B2D216436EC100492E20 /* Supporting Files */ = {
			isa = PBXGroup;
			children = (
				709819FA1654414500E63C16 /* stupidline@2x.png */,
				709819FB1654414500E63C16 /* stupidline.png */,
				709C2F69164EF59800A9C591 /* safari.png */,
				709C2F6A164EF59800A9C591 /* safari@2x.png */,
				709C2F65164EF48E00A9C591 /* comments@2x.png */,
				709C2F66164EF48E00A9C591 /* comments.png */,
				709C2F61164EF2B500A9C591 /* share@2x.png */,
				709C2F62164EF2B500A9C591 /* share.png */,
				706B2E84164E3CED008F584F /* mostpopular.png */,
				706B2E85164E3CEE008F584F /* mostpopular@2x.png */,
				706B2E6B164E19E4008F584F /* watchlater@2x.png */,
				706B2E6C164E19E4008F584F /* watchlater.png */,
				7059A99F164DD3D50082402B /* sidebarhighlight@2x.png */,
				7059A9A0164DD3D50082402B /* sidebarhighlight.png */,
				70CDBF00164DACE300939C3F /* search@2x.png */,
				70CDBF01164DACE300939C3F /* search.png */,
				70CDBEF4164D9DA600939C3F /* toggle@2x.png */,
				70CDBEF5164D9DA600939C3F /* toggle.png */,
				70124B6F164CBCE60006CEE2 /* togglereverse.png */,
				70124B70164CBCE60006CEE2 /* togglereverse@2x.png */,
				3756B2E016436EC100492E20 /* MainMenu.xib */,
				3756B2D316436EC100492E20 /* YouTube-Info.plist */,
				3756B2D416436EC100492E20 /* InfoPlist.strings */,
				3756B2D716436EC100492E20 /* main.m */,
				3756B2D916436EC100492E20 /* YouTube-Prefix.pch */,
				3756B2DA16436EC100492E20 /* Credits.rtf */,
				3756B306164372A500492E20 /* mqdefault.jpg */,
				3756B30316436FEF00492E20 /* 1.jpg.png */,
			);
			name = "Supporting Files";
			sourceTree = "<group>";
		};
		3756B2EE16436EC100492E20 /* YouTubeTests */ = {
			isa = PBXGroup;
			children = (
				3756B2F416436EC100492E20 /* YouTubeTests.h */,
				3756B2F516436EC100492E20 /* YouTubeTests.m */,
				3756B2EF16436EC100492E20 /* Supporting Files */,
			);
			path = YouTubeTests;
			sourceTree = "<group>";
		};
		3756B2EF16436EC100492E20 /* Supporting Files */ = {
			isa = PBXGroup;
			children = (
				3756B2F016436EC100492E20 /* YouTubeTests-Info.plist */,
				3756B2F116436EC100492E20 /* InfoPlist.strings */,
			);
			name = "Supporting Files";
			sourceTree = "<group>";
		};
		3756B6691643A3A300492E20 /* RaptureXML */ = {
			isa = PBXGroup;
			children = (
				3756B66A1643A3A300492E20 /* RXMLElement.h */,
				3756B66B1643A3A300492E20 /* RXMLElement.m */,
			);
			name = RaptureXML;
			path = RaptureXML/RaptureXML;
			sourceTree = "<group>";
		};
		3756B6721643A5FC00492E20 /* YouTube */ = {
			isa = PBXGroup;
			children = (
				3756B6691643A3A300492E20 /* RaptureXML */,
				3756B6A11643D20700492E20 /* HTTPServer */,
				3756B6731643A63B00492E20 /* PSCYouTubeSession.h */,
				3756B6741643A63B00492E20 /* PSCYouTubeSession.m */,
				3756B66F1643A40100492E20 /* PSCYouTubeChannel.h */,
				3756B6701643A40100492E20 /* PSCYouTubeChannel.m */,
				37EFAA8C1647B1A400E322D0 /* PSCYouTubeVideo.h */,
				37EFAA8D1647B1A400E322D0 /* PSCYouTubeVideo.m */,
				37EFAA931647BFDC00E322D0 /* PSCYouTubeVideoCellView.h */,
				37EFAA941647BFDC00E322D0 /* PSCYouTubeVideoCellView.m */,
				3756B6941643CCE000492E20 /* PSCYouTubeAuthenticator.h */,
				3756B6951643CCE000492E20 /* PSCYouTubeAuthenticator.m */,
				3756B6A31643D30C00492E20 /* PSCYouTubeTokenResponse.h */,
				3756B6A41643D30C00492E20 /* PSCYouTubeTokenResponse.m */,
				3756B6931643B12C00492E20 /* PSCYouTube.h */,
			);
			name = YouTube;
			sourceTree = "<group>";
		};
		3756B6A11643D20700492E20 /* HTTPServer */ = {
			isa = PBXGroup;
			children = (
				3756B6A21643D27400492E20 /* SynthesizeSingleton.h */,
				3756B69B1643D20100492E20 /* HTTPServer.h */,
				3756B69C1643D20100492E20 /* HTTPServer.m */,
				3756B69D1643D20100492E20 /* HTTPResponseHandler.h */,
				3756B69E1643D20200492E20 /* HTTPResponseHandler.m */,
			);
			name = HTTPServer;
			sourceTree = "<group>";
		};
		37742CDF164B710E00272C4A /* KGNoise */ = {
			isa = PBXGroup;
			children = (
				37742CDB164B710B00272C4A /* KGNoise.h */,
				37742CDC164B710B00272C4A /* KGNoise.m */,
			);
			name = KGNoise;
			sourceTree = "<group>";
		};
		37742CEC164B819000272C4A /* Subclasses */ = {
			isa = PBXGroup;
			children = (
				37742CE8164B814A00272C4A /* PSCTransparentTableView.h */,
				37742CE9164B814A00272C4A /* PSCTransparentTableView.m */,
				375154E1164DBEB3004E4406 /* PSCTableRowView.h */,
				375154E2164DBEB3004E4406 /* PSCTableRowView.m */,
			);
			name = Subclasses;
			sourceTree = "<group>";
		};
		37742CF5164B8A6700272C4A /* Categories */ = {
			isa = PBXGroup;
			children = (
				37742CF2164B899700272C4A /* NSColor+Hex.h */,
				37742CF3164B899700272C4A /* NSColor+Hex.m */,
				377DD119164F8F22004B6916 /* NSDate-TimeAgo */,
			);
			name = Categories;
			sourceTree = "<group>";
		};
		377DD119164F8F22004B6916 /* NSDate-TimeAgo */ = {
			isa = PBXGroup;
			children = (
				377DD11A164F8F22004B6916 /* Localization */,
				377DD120164F8F22004B6916 /* NSDate+TimeAgo.h */,
				377DD121164F8F22004B6916 /* NSDate+TimeAgo.m */,
			);
			path = "NSDate-TimeAgo";
			sourceTree = "<group>";
		};
		377DD11A164F8F22004B6916 /* Localization */ = {
			isa = PBXGroup;
			children = (
				377DD11B164F8F22004B6916 /* NSDateTimeAgo.strings */,
			);
			path = Localization;
			sourceTree = "<group>";
		};
		37AF36F6164E256600548814 /* Data Sources */ = {
			isa = PBXGroup;
			children = (
				37EFAA881647B17600E322D0 /* PSCYouTubeVideoDataSource.h */,
				37EFAA891647B17600E322D0 /* PSCYouTubeVideoDataSource.m */,
				3756B6901643AE4900492E20 /* PSCYouTubeChannelDataSource.h */,
				3756B6911643AE4900492E20 /* PSCYouTubeChannelDataSource.m */,
			);
			name = "Data Sources";
			sourceTree = "<group>";
		};
/* End PBXGroup section */

/* Begin PBXNativeTarget section */
		3756B2C616436EC100492E20 /* YouTube */ = {
			isa = PBXNativeTarget;
			buildConfigurationList = 3756B2F916436EC100492E20 /* Build configuration list for PBXNativeTarget "YouTube" */;
			buildPhases = (
				3756B2C316436EC100492E20 /* Sources */,
				3756B2C516436EC100492E20 /* Resources */,
				3756B2C416436EC100492E20 /* Frameworks */,
				3756B3211643773000492E20 /* CopyFiles */,
			);
			buildRules = (
			);
			dependencies = (
			);
			name = YouTube;
			productName = YouTube;
			productReference = 3756B2C716436EC100492E20 /* YouTube.app */;
			productType = "com.apple.product-type.application";
		};
		3756B2E716436EC100492E20 /* YouTubeTests */ = {
			isa = PBXNativeTarget;
			buildConfigurationList = 3756B2FC16436EC100492E20 /* Build configuration list for PBXNativeTarget "YouTubeTests" */;
			buildPhases = (
				3756B2E316436EC100492E20 /* Sources */,
				3756B2E416436EC100492E20 /* Frameworks */,
				3756B2E516436EC100492E20 /* Resources */,
				3756B2E616436EC100492E20 /* ShellScript */,
			);
			buildRules = (
			);
			dependencies = (
				3756B2ED16436EC100492E20 /* PBXTargetDependency */,
			);
			name = YouTubeTests;
			productName = YouTubeTests;
			productReference = 3756B2E816436EC100492E20 /* YouTubeTests.octest */;
			productType = "com.apple.product-type.bundle";
		};
/* End PBXNativeTarget section */

/* Begin PBXProject section */
		3756B2BE16436EC100492E20 /* Project object */ = {
			isa = PBXProject;
			attributes = {
				CLASSPREFIX = PSC;
				LastUpgradeCheck = 0450;
				ORGANIZATIONNAME = "Phantom Sun Creative";
			};
			buildConfigurationList = 3756B2C116436EC100492E20 /* Build configuration list for PBXProject "YouTube" */;
			compatibilityVersion = "Xcode 3.2";
			developmentRegion = English;
			hasScannedForEncodings = 0;
			knownRegions = (
				en,
				es,
				pt_BR,
				zh_Hans,
			);
			mainGroup = 3756B2BC16436EC100492E20;
			productRefGroup = 3756B2C816436EC100492E20 /* Products */;
			projectDirPath = "";
			projectRoot = "";
			targets = (
				3756B2C616436EC100492E20 /* YouTube */,
				3756B2E716436EC100492E20 /* YouTubeTests */,
			);
		};
/* End PBXProject section */

/* Begin PBXResourcesBuildPhase section */
		3756B2C516436EC100492E20 /* Resources */ = {
			isa = PBXResourcesBuildPhase;
			buildActionMask = 2147483647;
			files = (
				3756B2D616436EC100492E20 /* InfoPlist.strings in Resources */,
				3756B2DC16436EC100492E20 /* Credits.rtf in Resources */,
				3756B2E216436EC100492E20 /* MainMenu.xib in Resources */,
				3756B30416436FEF00492E20 /* 1.jpg.png in Resources */,
				3756B307164372A500492E20 /* mqdefault.jpg in Resources */,
				70124B71164CBCE60006CEE2 /* togglereverse.png in Resources */,
				70124B72164CBCE60006CEE2 /* togglereverse@2x.png in Resources */,
				70CDBEF6164D9DA600939C3F /* toggle@2x.png in Resources */,
				70CDBEF7164D9DA600939C3F /* toggle.png in Resources */,
				70CDBF02164DACE300939C3F /* search@2x.png in Resources */,
				70CDBF03164DACE300939C3F /* search.png in Resources */,
				7059A9A1164DD3D50082402B /* sidebarhighlight@2x.png in Resources */,
				7059A9A2164DD3D50082402B /* sidebarhighlight.png in Resources */,
				706B2E6D164E19E4008F584F /* watchlater@2x.png in Resources */,
				706B2E6E164E19E4008F584F /* watchlater.png in Resources */,
				706B2E86164E3CEF008F584F /* mostpopular.png in Resources */,
				706B2E87164E3CEF008F584F /* mostpopular@2x.png in Resources */,
				709C2F63164EF2B500A9C591 /* share@2x.png in Resources */,
				709C2F64164EF2B500A9C591 /* share.png in Resources */,
				709C2F67164EF48E00A9C591 /* comments@2x.png in Resources */,
				709C2F68164EF48E00A9C591 /* comments.png in Resources */,
				709C2F6B164EF59800A9C591 /* safari.png in Resources */,
				709C2F6C164EF59800A9C591 /* safari@2x.png in Resources */,
				377DD123164F8F22004B6916 /* NSDateTimeAgo.strings in Resources */,
				709819FC1654414500E63C16 /* stupidline@2x.png in Resources */,
				709819FD1654414500E63C16 /* stupidline.png in Resources */,
			);
			runOnlyForDeploymentPostprocessing = 0;
		};
		3756B2E516436EC100492E20 /* Resources */ = {
			isa = PBXResourcesBuildPhase;
			buildActionMask = 2147483647;
			files = (
				3756B2F316436EC100492E20 /* InfoPlist.strings in Resources */,
			);
			runOnlyForDeploymentPostprocessing = 0;
		};
/* End PBXResourcesBuildPhase section */

/* Begin PBXShellScriptBuildPhase section */
		3756B2E616436EC100492E20 /* ShellScript */ = {
			isa = PBXShellScriptBuildPhase;
			buildActionMask = 2147483647;
			files = (
			);
			inputPaths = (
			);
			outputPaths = (
			);
			runOnlyForDeploymentPostprocessing = 0;
			shellPath = /bin/sh;
			shellScript = "# Run the unit tests in this test bundle.\n\"${SYSTEM_DEVELOPER_DIR}/Tools/RunUnitTests\"\n";
		};
/* End PBXShellScriptBuildPhase section */

/* Begin PBXSourcesBuildPhase section */
		3756B2C316436EC100492E20 /* Sources */ = {
			isa = PBXSourcesBuildPhase;
			buildActionMask = 2147483647;
			files = (
				3756B2D816436EC100492E20 /* main.m in Sources */,
				3756B2DF16436EC100492E20 /* PSCAppDelegate.m in Sources */,
				3756B66C1643A3A300492E20 /* RXMLElement.m in Sources */,
				3756B6711643A40100492E20 /* PSCYouTubeChannel.m in Sources */,
				3756B6751643A63B00492E20 /* PSCYouTubeSession.m in Sources */,
				3756B6921643AE4900492E20 /* PSCYouTubeChannelDataSource.m in Sources */,
				3756B6961643CCE100492E20 /* PSCYouTubeAuthenticator.m in Sources */,
				3756B69F1643D20200492E20 /* HTTPServer.m in Sources */,
				3756B6A01643D20200492E20 /* HTTPResponseHandler.m in Sources */,
				3756B6A51643D30C00492E20 /* PSCYouTubeTokenResponse.m in Sources */,
				37EFAA8A1647B17700E322D0 /* PSCYouTubeVideoDataSource.m in Sources */,
				37EFAA8E1647B1A400E322D0 /* PSCYouTubeVideo.m in Sources */,
				37EFAA951647BFDD00E322D0 /* PSCYouTubeVideoCellView.m in Sources */,
				37454AAE1648F8ED009FFCBB /* PSCWindowController.m in Sources */,
				37742CDD164B710B00272C4A /* KGNoise.m in Sources */,
				37742CEB164B814A00272C4A /* PSCTransparentTableView.m in Sources */,
				37742CF4164B899700272C4A /* NSColor+Hex.m in Sources */,
				37078477164C7C2600668610 /* INAppStoreWindow.m in Sources */,
				375154E3164DBEB3004E4406 /* PSCTableRowView.m in Sources */,
				377DD124164F8F22004B6916 /* NSDate+TimeAgo.m in Sources */,
			);
			runOnlyForDeploymentPostprocessing = 0;
		};
		3756B2E316436EC100492E20 /* Sources */ = {
			isa = PBXSourcesBuildPhase;
			buildActionMask = 2147483647;
			files = (
				3756B2F616436EC100492E20 /* YouTubeTests.m in Sources */,
			);
			runOnlyForDeploymentPostprocessing = 0;
		};
/* End PBXSourcesBuildPhase section */

/* Begin PBXTargetDependency section */
		3756B2ED16436EC100492E20 /* PBXTargetDependency */ = {
			isa = PBXTargetDependency;
			target = 3756B2C616436EC100492E20 /* YouTube */;
			targetProxy = 3756B2EC16436EC100492E20 /* PBXContainerItemProxy */;
		};
/* End PBXTargetDependency section */

/* Begin PBXVariantGroup section */
		3756B2D416436EC100492E20 /* InfoPlist.strings */ = {
			isa = PBXVariantGroup;
			children = (
				3756B2D516436EC100492E20 /* en */,
			);
			name = InfoPlist.strings;
			sourceTree = "<group>";
		};
		3756B2DA16436EC100492E20 /* Credits.rtf */ = {
			isa = PBXVariantGroup;
			children = (
				3756B2DB16436EC100492E20 /* en */,
			);
			name = Credits.rtf;
			sourceTree = "<group>";
		};
		3756B2E016436EC100492E20 /* MainMenu.xib */ = {
			isa = PBXVariantGroup;
			children = (
				3756B2E116436EC100492E20 /* en */,
			);
			name = MainMenu.xib;
			sourceTree = "<group>";
		};
		3756B2F116436EC100492E20 /* InfoPlist.strings */ = {
			isa = PBXVariantGroup;
			children = (
				3756B2F216436EC100492E20 /* en */,
			);
			name = InfoPlist.strings;
			sourceTree = "<group>";
		};
		377DD11B164F8F22004B6916 /* NSDateTimeAgo.strings */ = {
			isa = PBXVariantGroup;
			children = (
				377DD11C164F8F22004B6916 /* en */,
				377DD11D164F8F22004B6916 /* es */,
				377DD11E164F8F22004B6916 /* pt_BR */,
				377DD11F164F8F22004B6916 /* zh_Hans */,
			);
			name = NSDateTimeAgo.strings;
			sourceTree = "<group>";
		};
/* End PBXVariantGroup section */

/* Begin XCBuildConfiguration section */
		3756B2F716436EC100492E20 /* Debug */ = {
			isa = XCBuildConfiguration;
			buildSettings = {
				ALWAYS_SEARCH_USER_PATHS = NO;
				ARCHS = "$(ARCHS_STANDARD_64_BIT)";
				CLANG_CXX_LANGUAGE_STANDARD = "gnu++0x";
				CLANG_CXX_LIBRARY = "libc++";
				CLANG_ENABLE_OBJC_ARC = YES;
				CLANG_WARN_EMPTY_BODY = YES;
				CLANG_WARN__DUPLICATE_METHOD_MATCH = YES;
				COPY_PHASE_STRIP = NO;
				GCC_C_LANGUAGE_STANDARD = gnu99;
				GCC_DYNAMIC_NO_PIC = NO;
				GCC_ENABLE_OBJC_EXCEPTIONS = YES;
				GCC_OPTIMIZATION_LEVEL = 0;
				GCC_PREPROCESSOR_DEFINITIONS = (
					"DEBUG=1",
					"$(inherited)",
				);
				GCC_SYMBOLS_PRIVATE_EXTERN = NO;
				GCC_WARN_64_TO_32_BIT_CONVERSION = YES;
				GCC_WARN_ABOUT_RETURN_TYPE = YES;
				GCC_WARN_UNINITIALIZED_AUTOS = YES;
				GCC_WARN_UNUSED_VARIABLE = YES;
				MACOSX_DEPLOYMENT_TARGET = 10.8;
				ONLY_ACTIVE_ARCH = YES;
				SDKROOT = macosx;
			};
			name = Debug;
		};
		3756B2F816436EC100492E20 /* Release */ = {
			isa = XCBuildConfiguration;
			buildSettings = {
				ALWAYS_SEARCH_USER_PATHS = NO;
				ARCHS = "$(ARCHS_STANDARD_64_BIT)";
				CLANG_CXX_LANGUAGE_STANDARD = "gnu++0x";
				CLANG_CXX_LIBRARY = "libc++";
				CLANG_ENABLE_OBJC_ARC = YES;
				CLANG_WARN_EMPTY_BODY = YES;
				CLANG_WARN__DUPLICATE_METHOD_MATCH = YES;
				COPY_PHASE_STRIP = YES;
				DEBUG_INFORMATION_FORMAT = "dwarf-with-dsym";
				GCC_C_LANGUAGE_STANDARD = gnu99;
				GCC_ENABLE_OBJC_EXCEPTIONS = YES;
				GCC_WARN_64_TO_32_BIT_CONVERSION = YES;
				GCC_WARN_ABOUT_RETURN_TYPE = YES;
				GCC_WARN_UNINITIALIZED_AUTOS = YES;
				GCC_WARN_UNUSED_VARIABLE = YES;
				MACOSX_DEPLOYMENT_TARGET = 10.8;
				SDKROOT = macosx;
			};
			name = Release;
		};
		3756B2FA16436EC100492E20 /* Debug */ = {
			isa = XCBuildConfiguration;
			buildSettings = {
				COMBINE_HIDPI_IMAGES = YES;
				FRAMEWORK_SEARCH_PATHS = (
					"$(inherited)",
					"\"$(SRCROOT)/../../Library/Developer/Xcode/DerivedData/YouTube-gjxtbdkrcwpdhcgdoyiecwjdpthe/Build/Products/Debug\"",
				);
				GCC_MODEL_TUNING = G5;
				GCC_PRECOMPILE_PREFIX_HEADER = YES;
				GCC_PREFIX_HEADER = "YouTube/YouTube-Prefix.pch";
				HEADER_SEARCH_PATHS = "$(SDK_DIR)\"/usr/include/libxml2";
				INFOPLIST_FILE = "YouTube/YouTube-Info.plist";
				PRODUCT_NAME = "$(TARGET_NAME)";
				WRAPPER_EXTENSION = app;
			};
			name = Debug;
		};
		3756B2FB16436EC100492E20 /* Release */ = {
			isa = XCBuildConfiguration;
			buildSettings = {
				COMBINE_HIDPI_IMAGES = YES;
				FRAMEWORK_SEARCH_PATHS = (
					"$(inherited)",
					"\"$(SRCROOT)/../../Library/Developer/Xcode/DerivedData/YouTube-gjxtbdkrcwpdhcgdoyiecwjdpthe/Build/Products/Debug\"",
				);
				GCC_MODEL_TUNING = G5;
				GCC_PRECOMPILE_PREFIX_HEADER = YES;
				GCC_PREFIX_HEADER = "YouTube/YouTube-Prefix.pch";
				HEADER_SEARCH_PATHS = "$(SDK_DIR)\"/usr/include/libxml2";
				INFOPLIST_FILE = "YouTube/YouTube-Info.plist";
				PRODUCT_NAME = "$(TARGET_NAME)";
				WRAPPER_EXTENSION = app;
			};
			name = Release;
		};
		3756B2FD16436EC100492E20 /* Debug */ = {
			isa = XCBuildConfiguration;
			buildSettings = {
				BUNDLE_LOADER = "$(BUILT_PRODUCTS_DIR)/YouTube.app/Contents/MacOS/YouTube";
				COMBINE_HIDPI_IMAGES = YES;
				FRAMEWORK_SEARCH_PATHS = "\"$(DEVELOPER_LIBRARY_DIR)/Frameworks\"";
				GCC_PRECOMPILE_PREFIX_HEADER = YES;
				GCC_PREFIX_HEADER = "YouTube/YouTube-Prefix.pch";
				INFOPLIST_FILE = "YouTubeTests/YouTubeTests-Info.plist";
				PRODUCT_NAME = "$(TARGET_NAME)";
				TEST_HOST = "$(BUNDLE_LOADER)";
				WRAPPER_EXTENSION = octest;
			};
			name = Debug;
		};
		3756B2FE16436EC100492E20 /* Release */ = {
			isa = XCBuildConfiguration;
			buildSettings = {
				BUNDLE_LOADER = "$(BUILT_PRODUCTS_DIR)/YouTube.app/Contents/MacOS/YouTube";
				COMBINE_HIDPI_IMAGES = YES;
				FRAMEWORK_SEARCH_PATHS = "\"$(DEVELOPER_LIBRARY_DIR)/Frameworks\"";
				GCC_PRECOMPILE_PREFIX_HEADER = YES;
				GCC_PREFIX_HEADER = "YouTube/YouTube-Prefix.pch";
				INFOPLIST_FILE = "YouTubeTests/YouTubeTests-Info.plist";
				PRODUCT_NAME = "$(TARGET_NAME)";
				TEST_HOST = "$(BUNDLE_LOADER)";
				WRAPPER_EXTENSION = octest;
			};
			name = Release;
		};
/* End XCBuildConfiguration section */

/* Begin XCConfigurationList section */
		3756B2C116436EC100492E20 /* Build configuration list for PBXProject "YouTube" */ = {
			isa = XCConfigurationList;
			buildConfigurations = (
				3756B2F716436EC100492E20 /* Debug */,
				3756B2F816436EC100492E20 /* Release */,
			);
			defaultConfigurationIsVisible = 0;
			defaultConfigurationName = Release;
		};
		3756B2F916436EC100492E20 /* Build configuration list for PBXNativeTarget "YouTube" */ = {
			isa = XCConfigurationList;
			buildConfigurations = (
				3756B2FA16436EC100492E20 /* Debug */,
				3756B2FB16436EC100492E20 /* Release */,
			);
			defaultConfigurationIsVisible = 0;
			defaultConfigurationName = Release;
		};
		3756B2FC16436EC100492E20 /* Build configuration list for PBXNativeTarget "YouTubeTests" */ = {
			isa = XCConfigurationList;
			buildConfigurations = (
				3756B2FD16436EC100492E20 /* Debug */,
				3756B2FE16436EC100492E20 /* Release */,
			);
			defaultConfigurationIsVisible = 0;
			defaultConfigurationName = Release;
		};
/* End XCConfigurationList section */
	};
	rootObject = 3756B2BE16436EC100492E20 /* Project object */;
}
